
Microsoft Visual Studio Solution File, Format Version 12.00
# Visual Studio 15
VisualStudioVersion = 15.0.27428.2043
MinimumVisualStudioVersion = 10.0.40219.1
Project("{FAE04EC0-301F-11D3-BF4B-00C04F79EFBC}") = "LADSPA.NET", "LADSPA.NET.csproj", "{4009C190-47E2-4132-9E6A-DF87BEF84FCE}"
EndProject
Global
	GlobalSection(SolutionConfigurationPlatforms) = preSolution
		Debug|Any CPU = Debug|Any CPU
		Debug|x64 = Debug|x64
		Debug|x86 = Debug|x86
		Release|Any CPU = Release|Any CPU
		Release|x64 = Release|x64
		Release|x86 = Release|x86
	EndGlobalSection
	GlobalSection(ProjectConfigurationPlatforms) = postSolution
		{4009C190-47E2-4132-9E6A-DF87BEF84FCE}.Debug|Any CPU.ActiveCfg = Debug|Any CPU
		{4009C190-47E2-4132-9E6A-DF87BEF84FCE}.Debug|Any CPU.Build.0 = Debug|Any CPU
		{4009C190-47E2-4132-9E6A-DF87BEF84FCE}.Debug|x64.ActiveCfg = Debug|Any CPU
		{4009C190-47E2-4132-9E6A-DF87BEF84FCE}.Debug|x64.Build.0 = Debug|Any CPU
		{4009C190-47E2-4132-9E6A-DF87BEF84FCE}.Debug|x86.ActiveCfg = Debug|Any CPU
		{4009C190-47E2-4132-9E6A-DF87BEF84FCE}.Debug|x86.Build.0 = Debug|Any CPU
		{4009C190-47E2-4132-9E6A-DF87BEF84FCE}.Release|Any CPU.ActiveCfg = Release|Any CPU
		{4009C190-47E2-4132-9E6A-DF87BEF84FCE}.Release|Any CPU.Build.0 = Release|Any CPU
		{4009C190-47E2-4132-9E6A-DF87BEF84FCE}.Release|x64.ActiveCfg = Release|Any CPU
		{4009C190-47E2-4132-9E6A-DF87BEF84FCE}.Release|x64.Build.0 = Release|Any CPU
		{4009C190-47E2-4132-9E6A-DF87BEF84FCE}.Release|x86.ActiveCfg = Release|Any CPU
		{4009C190-47E2-4132-9E6A-DF87BEF84FCE}.Release|x86.Build.0 = Release|Any CPU
	EndGlobalSection
	GlobalSection(SolutionProperties) = preSolution
		HideSolutionNode = FALSE
	EndGlobalSection
	GlobalSection(ExtensibilityGlobals) = postSolution
		SolutionGuid = {CE0132EC-A75A-4BDA-ABCA-784D93C8B3FF}
	EndGlobalSection
EndGlobal
